
Microsoft Visual Studio Solution File, Format Version 12.00
# Visual Studio Version 17
VisualStudioVersion = 17.11.35327.3
MinimumVisualStudioVersion = 10.0.40219.1
Project("{FAE04EC0-301F-11D3-BF4B-00C04F79EFBC}") = "FDC3ChannelsClientProfileDemo", "FDC3ChannelsClientProfileDemo.csproj", "{354CC99C-A9E7-440B-A137-A907A18E8740}"
EndProject
Global
	GlobalSection(SolutionConfigurationPlatforms) = preSolution
		Debug|Any CPU = Debug|Any CPU
		Debug|x86 = Debug|x86
		Release|Any CPU = Release|Any CPU
		Release|x86 = Release|x86
	EndGlobalSection
	GlobalSection(ProjectConfigurationPlatforms) = postSolution
		{354CC99C-A9E7-440B-A137-A907A18E8740}.Debug|Any CPU.ActiveCfg = Debug|Any CPU
		{354CC99C-A9E7-440B-A137-A907A18E8740}.Debug|Any CPU.Build.0 = Debug|Any CPU
		{354CC99C-A9E7-440B-A137-A907A18E8740}.Debug|x86.ActiveCfg = Debug|x86
		{354CC99C-A9E7-440B-A137-A907A18E8740}.Debug|x86.Build.0 = Debug|x86
		{354CC99C-A9E7-440B-A137-A907A18E8740}.Release|Any CPU.ActiveCfg = Release|Any CPU
		{354CC99C-A9E7-440B-A137-A907A18E8740}.Release|Any CPU.Build.0 = Release|Any CPU
		{354CC99C-A9E7-440B-A137-A907A18E8740}.Release|x86.ActiveCfg = Release|x86
		{354CC99C-A9E7-440B-A137-A907A18E8740}.Release|x86.Build.0 = Release|x86
	EndGlobalSection
	GlobalSection(SolutionProperties) = preSolution
		HideSolutionNode = FALSE
	EndGlobalSection
	GlobalSection(ExtensibilityGlobals) = postSolution
		SolutionGuid = {29353DC0-C7BD-4FF1-874A-9AFFE9CA0CD4}
	EndGlobalSection
EndGlobal
