
Microsoft Visual Studio Solution File, Format Version 12.00
# Visual Studio Version 17
VisualStudioVersion = 17.13.35828.75 d17.13
MinimumVisualStudioVersion = 10.0.40219.1
Project("{FAE04EC0-301F-11D3-BF4B-00C04F79EFBC}") = "MultiWindowFactoryDemo", "MultiWindowDemo\MultiWindowFactoryDemo.csproj", "{76259930-6026-4C3F-BBD7-9EB4414406B8}"
EndProject
Global
	GlobalSection(SolutionConfigurationPlatforms) = preSolution
		Debug|Any CPU = Debug|Any CPU
		Release|Any CPU = Release|Any CPU
	EndGlobalSection
	GlobalSection(ProjectConfigurationPlatforms) = postSolution
		{76259930-6026-4C3F-BBD7-9EB4414406B8}.Debug|Any CPU.ActiveCfg = Debug|Any CPU
		{76259930-6026-4C3F-BBD7-9EB4414406B8}.Debug|Any CPU.Build.0 = Debug|Any CPU
		{76259930-6026-4C3F-BBD7-9EB4414406B8}.Release|Any CPU.ActiveCfg = Release|Any CPU
		{76259930-6026-4C3F-BBD7-9EB4414406B8}.Release|Any CPU.Build.0 = Release|Any CPU
	EndGlobalSection
	GlobalSection(SolutionProperties) = preSolution
		HideSolutionNode = FALSE
	EndGlobalSection
	GlobalSection(ExtensibilityGlobals) = postSolution
		SolutionGuid = {F525FBBA-315D-4B3D-9E9C-5553987CD844}
	EndGlobalSection
EndGlobal
