
Microsoft Visual Studio Solution File, Format Version 12.00
# Visual Studio Version 16
VisualStudioVersion = 16.0.29215.179
MinimumVisualStudioVersion = 10.0.40219.1
Project("{FAE04EC0-301F-11D3-BF4B-00C04F79EFBC}") = "GlueStreamPublisher", "GlueStreamPublisher\GlueStreamPublisher.csproj", "{0DBDABA5-6A17-4C1C-BE78-48903C0549DD}"
EndProject
Project("{FAE04EC0-301F-11D3-BF4B-00C04F79EFBC}") = "GlueStreamSubscriber", "GlueStreamSubscriber\GlueStreamSubscriber.csproj", "{7622F805-1ECE-4EE5-8CA7-5E0A8A1991FA}"
EndProject
Project("{2150E333-8FDC-42A3-9474-1A3956D46DE8}") = "lib", "lib", "{E792ECAE-4CFF-4285-BA47-8E3A58F192A1}"
	ProjectSection(SolutionItems) = preProject
		lib\Glue42.dll = lib\Glue42.dll
		lib\Glue42.pdb = lib\Glue42.pdb
		lib\Glue42.xml = lib\Glue42.xml
	EndProjectSection
EndProject
Project("{2150E333-8FDC-42A3-9474-1A3956D46DE8}") = "Solution Items", "Solution Items", "{8903F875-637F-405A-B5A9-E46067DF3C32}"
	ProjectSection(SolutionItems) = preProject
		Readme.md = Readme.md
	EndProjectSection
EndProject
Global
	GlobalSection(SolutionConfigurationPlatforms) = preSolution
		Debug|Any CPU = Debug|Any CPU
		Release|Any CPU = Release|Any CPU
	EndGlobalSection
	GlobalSection(ProjectConfigurationPlatforms) = postSolution
		{0DBDABA5-6A17-4C1C-BE78-48903C0549DD}.Debug|Any CPU.ActiveCfg = Debug|Any CPU
		{0DBDABA5-6A17-4C1C-BE78-48903C0549DD}.Debug|Any CPU.Build.0 = Debug|Any CPU
		{0DBDABA5-6A17-4C1C-BE78-48903C0549DD}.Release|Any CPU.ActiveCfg = Release|Any CPU
		{0DBDABA5-6A17-4C1C-BE78-48903C0549DD}.Release|Any CPU.Build.0 = Release|Any CPU
		{7622F805-1ECE-4EE5-8CA7-5E0A8A1991FA}.Debug|Any CPU.ActiveCfg = Debug|Any CPU
		{7622F805-1ECE-4EE5-8CA7-5E0A8A1991FA}.Debug|Any CPU.Build.0 = Debug|Any CPU
		{7622F805-1ECE-4EE5-8CA7-5E0A8A1991FA}.Release|Any CPU.ActiveCfg = Release|Any CPU
		{7622F805-1ECE-4EE5-8CA7-5E0A8A1991FA}.Release|Any CPU.Build.0 = Release|Any CPU
	EndGlobalSection
	GlobalSection(SolutionProperties) = preSolution
		HideSolutionNode = FALSE
	EndGlobalSection
	GlobalSection(ExtensibilityGlobals) = postSolution
		SolutionGuid = {9A312A1E-DC7E-42F1-B110-DDB607D439F0}
	EndGlobalSection
EndGlobal
