
Microsoft Visual Studio Solution File, Format Version 12.00
# Visual Studio Version 16
VisualStudioVersion = 16.0.31005.135
MinimumVisualStudioVersion = 10.0.40219.1
Project("{FAE04EC0-301F-11D3-BF4B-00C04F79EFBC}") = "GlazorDemoNet5", "GlazorDemoNet5\GlazorDemoNet5.csproj", "{1D10341B-3503-4C06-8596-B41719981F51}"
EndProject
Global
	GlobalSection(SolutionConfigurationPlatforms) = preSolution
		Debug|Any CPU = Debug|Any CPU
		Release|Any CPU = Release|Any CPU
	EndGlobalSection
	GlobalSection(ProjectConfigurationPlatforms) = postSolution
		{1D10341B-3503-4C06-8596-B41719981F51}.Debug|Any CPU.ActiveCfg = Debug|Any CPU
		{1D10341B-3503-4C06-8596-B41719981F51}.Debug|Any CPU.Build.0 = Debug|Any CPU
		{1D10341B-3503-4C06-8596-B41719981F51}.Release|Any CPU.ActiveCfg = Release|Any CPU
		{1D10341B-3503-4C06-8596-B41719981F51}.Release|Any CPU.Build.0 = Release|Any CPU
	EndGlobalSection
	GlobalSection(SolutionProperties) = preSolution
		HideSolutionNode = FALSE
	EndGlobalSection
	GlobalSection(ExtensibilityGlobals) = postSolution
		SolutionGuid = {380B5DC1-F824-44D8-A891-27848C761659}
	EndGlobalSection
EndGlobal
